
Microsoft Visual Studio Solution File, Format Version 12.00
# Visual Studio Version 17
VisualStudioVersion = 17.8.34330.188
MinimumVisualStudioVersion = 10.0.40219.1
Project("{9A19103F-16F7-4668-BE54-9A1E7A4F7556}") = "BI.Sistemas.Domain", "BI.Sistemas.Domain\BI.Sistemas.Domain.csproj", "{AD66710B-A799-4E3F-B69E-B722EFC5990F}"
EndProject
Project("{9A19103F-16F7-4668-BE54-9A1E7A4F7556}") = "BI.Sistemas.ORM", "BI.Sistemas.ORM\BI.Sistemas.ORM.csproj", "{ED062B93-9D42-4A94-996B-A9A7DC44F7B9}"
EndProject
Project("{9A19103F-16F7-4668-BE54-9A1E7A4F7556}") = "BI.Sistemas.UnitTests", "BI.Sistemas.UnitTests\BI.Sistemas.UnitTests.csproj", "{18A3FCA0-CFC7-42C1-ACA1-50B8ABC1760A}"
EndProject
Project("{9A19103F-16F7-4668-BE54-9A1E7A4F7556}") = "BI.Sistemas.API", "BI.Sistemas.API\BI.Sistemas.API.csproj", "{AC4B83B4-3C61-4A28-9798-82160546AE0F}"
EndProject
Global
	GlobalSection(SolutionConfigurationPlatforms) = preSolution
		Debug|Any CPU = Debug|Any CPU
		Release|Any CPU = Release|Any CPU
	EndGlobalSection
	GlobalSection(ProjectConfigurationPlatforms) = postSolution
		{AD66710B-A799-4E3F-B69E-B722EFC5990F}.Debug|Any CPU.ActiveCfg = Debug|Any CPU
		{AD66710B-A799-4E3F-B69E-B722EFC5990F}.Debug|Any CPU.Build.0 = Debug|Any CPU
		{AD66710B-A799-4E3F-B69E-B722EFC5990F}.Release|Any CPU.ActiveCfg = Release|Any CPU
		{AD66710B-A799-4E3F-B69E-B722EFC5990F}.Release|Any CPU.Build.0 = Release|Any CPU
		{ED062B93-9D42-4A94-996B-A9A7DC44F7B9}.Debug|Any CPU.ActiveCfg = Debug|Any CPU
		{ED062B93-9D42-4A94-996B-A9A7DC44F7B9}.Debug|Any CPU.Build.0 = Debug|Any CPU
		{ED062B93-9D42-4A94-996B-A9A7DC44F7B9}.Release|Any CPU.ActiveCfg = Release|Any CPU
		{ED062B93-9D42-4A94-996B-A9A7DC44F7B9}.Release|Any CPU.Build.0 = Release|Any CPU
		{18A3FCA0-CFC7-42C1-ACA1-50B8ABC1760A}.Debug|Any CPU.ActiveCfg = Debug|Any CPU
		{18A3FCA0-CFC7-42C1-ACA1-50B8ABC1760A}.Debug|Any CPU.Build.0 = Debug|Any CPU
		{18A3FCA0-CFC7-42C1-ACA1-50B8ABC1760A}.Release|Any CPU.ActiveCfg = Release|Any CPU
		{18A3FCA0-CFC7-42C1-ACA1-50B8ABC1760A}.Release|Any CPU.Build.0 = Release|Any CPU
		{AC4B83B4-3C61-4A28-9798-82160546AE0F}.Debug|Any CPU.ActiveCfg = Debug|Any CPU
		{AC4B83B4-3C61-4A28-9798-82160546AE0F}.Debug|Any CPU.Build.0 = Debug|Any CPU
		{AC4B83B4-3C61-4A28-9798-82160546AE0F}.Release|Any CPU.ActiveCfg = Release|Any CPU
		{AC4B83B4-3C61-4A28-9798-82160546AE0F}.Release|Any CPU.Build.0 = Release|Any CPU
	EndGlobalSection
	GlobalSection(SolutionProperties) = preSolution
		HideSolutionNode = FALSE
	EndGlobalSection
	GlobalSection(ExtensibilityGlobals) = postSolution
		SolutionGuid = {0F4D428A-4543-480C-B7F0-B01243F947B6}
	EndGlobalSection
EndGlobal
